{
  "name": "balance-bot",
  "version": "1.0.0",
  "lockfileVersion": 3,
  "requires": true,
  "packages": {
    "": {
      "name": "balance-bot",
      "version": "1.0.0",
      "license": "MIT",
      "dependencies": {
        "dotenv": "^16.4.5",
        "lowdb": "^7.0.1",
        "node-cron": "^3.0.3"
      },
      "devDependencies": {
        "eslint": "^9.14.0",
        "prettier": "^3.3.3"
      }
    },
    "node_modules/dotenv": {
      "version": "16.4.5",
      "resolved": "https://registry.npmjs.org/dotenv/-/dotenv-16.4.5.tgz",
      "integrity": "sha512-ZmdL2rui+eB2C6e7t7rQrdK0rD9NJAA44b6ZqdV4uFv4J7VbtkekTqEq+y3OCAXoTr4a9mN6U12VwEJNclUumw==",
      "license": "BSD-2-Clause",
      "engines": {
        "node": ">=12"
      }
    },
    "node_modules/lowdb": {
      "version": "7.0.1",
      "license": "MIT"
    },
    "node_modules/node-cron": {
      "version": "3.0.3",
      "license": "MIT",
      "engines": {
        "node": ">=6.0.0"
      }
    }
  }
}
